<Solution>
  <Project Path="TicketSystem.Application/TicketSystem.Application.csproj" />
  <Project Path="TicketSystem.Domain/TicketSystem.Domain.csproj" />
  <Project Path="TicketSystem.Infrastructure/TicketSystem.Infrastructure.csproj" />
  <Project Path="TicketSystem.WebUI/TicketSystem.WebUI.csproj" />
</Solution>
